
Microsoft Visual Studio Solution File, Format Version 12.00
# Visual Studio Version 17
VisualStudioVersion = 17.9.34723.18
MinimumVisualStudioVersion = 10.0.40219.1
Project("{2150E333-8FDC-42A3-9474-1A3956D46DE8}") = "Services", "Services", "{EC025CA2-7118-4286-9BE5-FFC07E4C786B}"
EndProject
Project("{2150E333-8FDC-42A3-9474-1A3956D46DE8}") = "Catalog", "Catalog", "{D13ABDE8-A320-4392-81AD-8F3E09227CCC}"
EndProject
Project("{9A19103F-16F7-4668-BE54-9A1E7A4F7556}") = "Catalog.API", "Services\Catalog\Catalog.API\Catalog.API.csproj", "{9D6214E7-B755-4C68-B1A7-46729A1D9394}"
EndProject
Project("{2150E333-8FDC-42A3-9474-1A3956D46DE8}") = "BuildingBlocks", "BuildingBlocks", "{0CB23CBB-D86F-486C-AEC9-4E016E514A61}"
EndProject
Project("{9A19103F-16F7-4668-BE54-9A1E7A4F7556}") = "BuildingBlocks", "BuildingBlocks\BuildingBlocks\BuildingBlocks.csproj", "{687A3022-1385-43BB-961C-951A3810F15E}"
EndProject
Project("{E53339B2-1760-4266-BCC7-CA923CBCF16C}") = "docker-compose", "docker-compose.dcproj", "{835F8B10-895D-435A-ABDA-A05BBADAB20D}"
EndProject
Project("{2150E333-8FDC-42A3-9474-1A3956D46DE8}") = "Basket", "Basket", "{62A1F425-FD4D-4DF3-A070-B9490FEC0219}"
EndProject
Project("{FAE04EC0-301F-11D3-BF4B-00C04F79EFBC}") = "Basket.API", "Services\Basket.API\Basket.API.csproj", "{E753A400-2A2C-4A08-AE2A-08658660EC00}"
EndProject
Global
	GlobalSection(SolutionConfigurationPlatforms) = preSolution
		Debug|Any CPU = Debug|Any CPU
		Release|Any CPU = Release|Any CPU
	EndGlobalSection
	GlobalSection(ProjectConfigurationPlatforms) = postSolution
		{9D6214E7-B755-4C68-B1A7-46729A1D9394}.Debug|Any CPU.ActiveCfg = Debug|Any CPU
		{9D6214E7-B755-4C68-B1A7-46729A1D9394}.Debug|Any CPU.Build.0 = Debug|Any CPU
		{9D6214E7-B755-4C68-B1A7-46729A1D9394}.Release|Any CPU.ActiveCfg = Release|Any CPU
		{9D6214E7-B755-4C68-B1A7-46729A1D9394}.Release|Any CPU.Build.0 = Release|Any CPU
		{687A3022-1385-43BB-961C-951A3810F15E}.Debug|Any CPU.ActiveCfg = Debug|Any CPU
		{687A3022-1385-43BB-961C-951A3810F15E}.Debug|Any CPU.Build.0 = Debug|Any CPU
		{687A3022-1385-43BB-961C-951A3810F15E}.Release|Any CPU.ActiveCfg = Release|Any CPU
		{687A3022-1385-43BB-961C-951A3810F15E}.Release|Any CPU.Build.0 = Release|Any CPU
		{835F8B10-895D-435A-ABDA-A05BBADAB20D}.Debug|Any CPU.ActiveCfg = Debug|Any CPU
		{835F8B10-895D-435A-ABDA-A05BBADAB20D}.Debug|Any CPU.Build.0 = Debug|Any CPU
		{835F8B10-895D-435A-ABDA-A05BBADAB20D}.Release|Any CPU.ActiveCfg = Release|Any CPU
		{835F8B10-895D-435A-ABDA-A05BBADAB20D}.Release|Any CPU.Build.0 = Release|Any CPU
		{E753A400-2A2C-4A08-AE2A-08658660EC00}.Debug|Any CPU.ActiveCfg = Debug|Any CPU
		{E753A400-2A2C-4A08-AE2A-08658660EC00}.Debug|Any CPU.Build.0 = Debug|Any CPU
		{E753A400-2A2C-4A08-AE2A-08658660EC00}.Release|Any CPU.ActiveCfg = Release|Any CPU
		{E753A400-2A2C-4A08-AE2A-08658660EC00}.Release|Any CPU.Build.0 = Release|Any CPU
	EndGlobalSection
	GlobalSection(SolutionProperties) = preSolution
		HideSolutionNode = FALSE
	EndGlobalSection
	GlobalSection(NestedProjects) = preSolution
		{D13ABDE8-A320-4392-81AD-8F3E09227CCC} = {EC025CA2-7118-4286-9BE5-FFC07E4C786B}
		{9D6214E7-B755-4C68-B1A7-46729A1D9394} = {D13ABDE8-A320-4392-81AD-8F3E09227CCC}
		{687A3022-1385-43BB-961C-951A3810F15E} = {0CB23CBB-D86F-486C-AEC9-4E016E514A61}
		{62A1F425-FD4D-4DF3-A070-B9490FEC0219} = {EC025CA2-7118-4286-9BE5-FFC07E4C786B}
		{E753A400-2A2C-4A08-AE2A-08658660EC00} = {62A1F425-FD4D-4DF3-A070-B9490FEC0219}
	EndGlobalSection
	GlobalSection(ExtensibilityGlobals) = postSolution
		SolutionGuid = {83F4B7CF-FA8F-47D9-BCB4-05B486EF33BD}
	EndGlobalSection
EndGlobal
